
Microsoft Visual Studio Solution File, Format Version 12.00
# Visual Studio 15
Project("{FAE04EC0-301F-11D3-BF4B-00C04F79EFBC}") = "Oculus.Interaction.Editor", "Oculus.Interaction.Editor.csproj", "{034745D9-A895-860C-4DD9-B6E8BFAC9FA0}"
EndProject
Project("{FAE04EC0-301F-11D3-BF4B-00C04F79EFBC}") = "Meta.WitAi.Conduit", "Meta.WitAi.Conduit.csproj", "{7A762A48-CBCE-0A0E-8596-352D976BFB98}"
EndProject
Project("{FAE04EC0-301F-11D3-BF4B-00C04F79EFBC}") = "Oculus.VR", "Oculus.VR.csproj", "{9241B789-CE97-D7C8-FEF0-AC80AEC91C2B}"
EndProject
Project("{FAE04EC0-301F-11D3-BF4B-00C04F79EFBC}") = "Oculus.Interaction", "Oculus.Interaction.csproj", "{96690964-4B34-1842-8417-A2DE2B6642C8}"
EndProject
Project("{FAE04EC0-301F-11D3-BF4B-00C04F79EFBC}") = "Meta.Voice.Samples.ShapesConduit", "Meta.Voice.Samples.ShapesConduit.csproj", "{FDA08519-9E04-D427-87DF-1A5DF280BDD4}"
EndProject
Project("{FAE04EC0-301F-11D3-BF4B-00C04F79EFBC}") = "Meta.WitAi.Editor", "Meta.WitAi.Editor.csproj", "{3A496A3E-366C-40B7-5CA4-96E5ACF118C6}"
EndProject
Project("{FAE04EC0-301F-11D3-BF4B-00C04F79EFBC}") = "Oculus.Platform", "Oculus.Platform.csproj", "{B4DEC6AA-D9BE-9C26-D1AA-A31CD83B4902}"
EndProject
Project("{FAE04EC0-301F-11D3-BF4B-00C04F79EFBC}") = "VoiceSDK.Telemetry", "VoiceSDK.Telemetry.csproj", "{53033201-655B-C46F-62A4-7A9A6898D324}"
EndProject
Project("{FAE04EC0-301F-11D3-BF4B-00C04F79EFBC}") = "Meta.WitAi.Conduit.Editor", "Meta.WitAi.Conduit.Editor.csproj", "{25230D73-15A5-4E3A-5267-2C1569CCC590}"
EndProject
Project("{FAE04EC0-301F-11D3-BF4B-00C04F79EFBC}") = "Meta.WitAi", "Meta.WitAi.csproj", "{0CD626AD-F776-A047-8363-8694148271E9}"
EndProject
Project("{FAE04EC0-301F-11D3-BF4B-00C04F79EFBC}") = "Oculus.Interaction.OVR.Samples", "Oculus.Interaction.OVR.Samples.csproj", "{3AEA09C8-3C44-2FF5-D0E2-75A42A891FAF}"
EndProject
Project("{FAE04EC0-301F-11D3-BF4B-00C04F79EFBC}") = "Assembly-CSharp", "Assembly-CSharp.csproj", "{44A1B76B-8648-C5A0-676A-3D57D35D09E7}"
EndProject
Project("{FAE04EC0-301F-11D3-BF4B-00C04F79EFBC}") = "Meta.WitAi.Lib", "Meta.WitAi.Lib.csproj", "{D2ED9C22-9E72-1BA2-DC8D-9EC7FAFA8189}"
EndProject
Project("{FAE04EC0-301F-11D3-BF4B-00C04F79EFBC}") = "Oculus.VR.Editor", "Oculus.VR.Editor.csproj", "{6121B3A1-9E51-6C5F-301E-A70C9ECEFD4F}"
EndProject
Project("{FAE04EC0-301F-11D3-BF4B-00C04F79EFBC}") = "Meta.Voice.Hub.Runtime", "Meta.Voice.Hub.Runtime.csproj", "{2E985560-4A41-8159-9FE5-8F0D2BE30E2C}"
EndProject
Project("{FAE04EC0-301F-11D3-BF4B-00C04F79EFBC}") = "Oculus.Interaction.OVR.Editor", "Oculus.Interaction.OVR.Editor.csproj", "{15DA59D8-F8A6-C5F8-30B2-8F2EE5FB2FC4}"
EndProject
Project("{FAE04EC0-301F-11D3-BF4B-00C04F79EFBC}") = "VoiceSDK.Dictation.Runtime", "VoiceSDK.Dictation.Runtime.csproj", "{37DD425B-630F-C994-20B1-35B8670C6494}"
EndProject
Project("{FAE04EC0-301F-11D3-BF4B-00C04F79EFBC}") = "Oculus.LipSync", "Oculus.LipSync.csproj", "{43D1E835-7333-330F-72DF-E794636150FF}"
EndProject
Project("{FAE04EC0-301F-11D3-BF4B-00C04F79EFBC}") = "Oculus.Interaction.OVR", "Oculus.Interaction.OVR.csproj", "{BAFF35F5-5501-408E-AAB4-88B9577C16D4}"
EndProject
Project("{FAE04EC0-301F-11D3-BF4B-00C04F79EFBC}") = "Meta.WitAi.TTS.Samples", "Meta.WitAi.TTS.Samples.csproj", "{1F0517AF-786C-11F4-3275-D605846FCA90}"
EndProject
Project("{FAE04EC0-301F-11D3-BF4B-00C04F79EFBC}") = "Meta.Voice.Hub.Editor", "Meta.Voice.Hub.Editor.csproj", "{7795AC03-924C-3829-ECD8-D4025C5E59ED}"
EndProject
Project("{FAE04EC0-301F-11D3-BF4B-00C04F79EFBC}") = "VoiceSDK.Editor", "VoiceSDK.Editor.csproj", "{CB75C635-6A23-ADCF-6BA9-28EE8A53D280}"
EndProject
Project("{FAE04EC0-301F-11D3-BF4B-00C04F79EFBC}") = "Meta.WitAI.Lib.Editor", "Meta.WitAI.Lib.Editor.csproj", "{A8F17B7B-1A9D-E604-6515-673078858044}"
EndProject
Project("{FAE04EC0-301F-11D3-BF4B-00C04F79EFBC}") = "Oculus.Spatializer.Editor", "Oculus.Spatializer.Editor.csproj", "{22E43BC4-A0C9-987B-4919-1EB8ABC46BA6}"
EndProject
Project("{FAE04EC0-301F-11D3-BF4B-00C04F79EFBC}") = "Meta.WitAi.TTS", "Meta.WitAi.TTS.csproj", "{85BD0136-EB24-26F4-1FBD-AE6828B3B791}"
EndProject
Project("{FAE04EC0-301F-11D3-BF4B-00C04F79EFBC}") = "AssistantCoreSDKRuntime", "AssistantCoreSDKRuntime.csproj", "{C2A357E2-92DE-5FF7-F0DE-258862461F62}"
EndProject
Project("{FAE04EC0-301F-11D3-BF4B-00C04F79EFBC}") = "Oculus.AudioManager", "Oculus.AudioManager.csproj", "{4BF0BDD1-7AE4-B5FE-92C6-4A5A29695FBB}"
EndProject
Project("{FAE04EC0-301F-11D3-BF4B-00C04F79EFBC}") = "VoiceSDK.Runtime", "VoiceSDK.Runtime.csproj", "{62831C70-931C-98EA-BA2A-C61619B8FBF3}"
EndProject
Project("{FAE04EC0-301F-11D3-BF4B-00C04F79EFBC}") = "Facebook.Wit.Dictation", "Facebook.Wit.Dictation.csproj", "{85FF68D4-76E9-7B1A-F2C7-9B3AF73372A8}"
EndProject
Project("{FAE04EC0-301F-11D3-BF4B-00C04F79EFBC}") = "Meta.WitAi.TTS.Editor", "Meta.WitAi.TTS.Editor.csproj", "{3C78CEC1-5A0A-657F-3DFB-3D5F764D8E23}"
EndProject
Project("{FAE04EC0-301F-11D3-BF4B-00C04F79EFBC}") = "Meta.Voice.Samples.BuiltInTimer", "Meta.Voice.Samples.BuiltInTimer.csproj", "{FFEB1CAE-3E04-4189-991B-9188B3A1A0AC}"
EndProject
Project("{FAE04EC0-301F-11D3-BF4B-00C04F79EFBC}") = "Oculus.Platform.Editor", "Oculus.Platform.Editor.csproj", "{79F4F426-0439-0C38-2821-6126F1B9702B}"
EndProject
Project("{FAE04EC0-301F-11D3-BF4B-00C04F79EFBC}") = "Meta.XR.BuildingBlocks.Editor", "Meta.XR.BuildingBlocks.Editor.csproj", "{AA63ACC2-8A4F-EE9F-D37D-B909EB18DE4E}"
EndProject
Project("{FAE04EC0-301F-11D3-BF4B-00C04F79EFBC}") = "Meta.Voice.Samples.TTSVoices", "Meta.Voice.Samples.TTSVoices.csproj", "{550EC691-6E7F-B31B-D16C-1DDBC8D11F95}"
EndProject
Project("{FAE04EC0-301F-11D3-BF4B-00C04F79EFBC}") = "Meta.Voice.VSDKHub.Editor", "Meta.Voice.VSDKHub.Editor.csproj", "{6F876061-E3B3-DA66-06C0-3A6971A798F2}"
EndProject
Project("{FAE04EC0-301F-11D3-BF4B-00C04F79EFBC}") = "Oculus.AudioManager.Audio.Editor", "Oculus.AudioManager.Audio.Editor.csproj", "{0B84D8D1-01AF-DC2D-D3D2-30B490CEDDBE}"
EndProject
Project("{FAE04EC0-301F-11D3-BF4B-00C04F79EFBC}") = "Assembly-CSharp-Editor", "Assembly-CSharp-Editor.csproj", "{83A5ADCC-397C-625D-0D71-B96A080A386A}"
EndProject
Project("{FAE04EC0-301F-11D3-BF4B-00C04F79EFBC}") = "Meta.Voice.Samples.Chess", "Meta.Voice.Samples.Chess.csproj", "{6294F46E-292A-12FE-AE64-734B75CA670F}"
EndProject
Project("{FAE04EC0-301F-11D3-BF4B-00C04F79EFBC}") = "Oculus.VR.Scripts.Editor", "Oculus.VR.Scripts.Editor.csproj", "{6C163A33-57D0-FF1E-A58E-867B6ABCDCEE}"
EndProject
Project("{FAE04EC0-301F-11D3-BF4B-00C04F79EFBC}") = "Meta.Voice.Samples.LightTraits", "Meta.Voice.Samples.LightTraits.csproj", "{C5421EB6-CB8C-1820-DB01-22F3C8C52BC4}"
EndProject
Project("{FAE04EC0-301F-11D3-BF4B-00C04F79EFBC}") = "Meta.Voice.Samples.Dictation", "Meta.Voice.Samples.Dictation.csproj", "{98A4F756-0DB1-BF6F-7F87-1A3B643D7F70}"
EndProject
Project("{FAE04EC0-301F-11D3-BF4B-00C04F79EFBC}") = "Meta.Voice.Samples.Shapes", "Meta.Voice.Samples.Shapes.csproj", "{BCEE1518-A9AC-A4B6-FF33-454D24B1B11F}"
EndProject
Project("{FAE04EC0-301F-11D3-BF4B-00C04F79EFBC}") = "Oculus.Interaction.Samples.Editor", "Oculus.Interaction.Samples.Editor.csproj", "{0CB08BCE-AED8-F451-6B4D-514891B840BB}"
EndProject
Project("{FAE04EC0-301F-11D3-BF4B-00C04F79EFBC}") = "Meta.XR.BuildingBlocks", "Meta.XR.BuildingBlocks.csproj", "{FB0BD7E8-A2A1-0877-354A-256448C7DD10}"
EndProject
Project("{FAE04EC0-301F-11D3-BF4B-00C04F79EFBC}") = "Oculus.Spatializer", "Oculus.Spatializer.csproj", "{313B6026-8520-912B-9766-C6405EF05A3B}"
EndProject
Project("{FAE04EC0-301F-11D3-BF4B-00C04F79EFBC}") = "Oculus.LipSync.Editor", "Oculus.LipSync.Editor.csproj", "{16B47427-A557-A61C-77BB-6C55B4A4CA43}"
EndProject
Project("{FAE04EC0-301F-11D3-BF4B-00C04F79EFBC}") = "Oculus.AudioManager.Utils.Editor", "Oculus.AudioManager.Utils.Editor.csproj", "{55254B2B-1E46-8F52-CA34-A7394F9863BA}"
EndProject
Project("{FAE04EC0-301F-11D3-BF4B-00C04F79EFBC}") = "Meta.VoiceSDK.Mic.Common", "Meta.VoiceSDK.Mic.Common.csproj", "{B403FDCE-A592-73AB-0E54-98ED56AA2770}"
EndProject
Project("{FAE04EC0-301F-11D3-BF4B-00C04F79EFBC}") = "VoiceSDK.Dictation.Editor", "VoiceSDK.Dictation.Editor.csproj", "{02478CA7-2A46-0D80-9289-13FF476AA8CC}"
EndProject
Project("{FAE04EC0-301F-11D3-BF4B-00C04F79EFBC}") = "Meta.VoiceSDK.Mic.Other", "Meta.VoiceSDK.Mic.Other.csproj", "{5BC46AC1-A37A-0335-DA5A-53EE8C69DDAF}"
EndProject
Project("{FAE04EC0-301F-11D3-BF4B-00C04F79EFBC}") = "AssistantCoreSDKEditor", "AssistantCoreSDKEditor.csproj", "{D8675B5B-8264-CAE9-6DBF-0C71BD66AE81}"
EndProject
Project("{FAE04EC0-301F-11D3-BF4B-00C04F79EFBC}") = "Oculus.Interaction.InterfaceSupport", "Oculus.Interaction.InterfaceSupport.csproj", "{CDE3D00D-8C1F-812A-902E-414B28D9B2FE}"
EndProject
Project("{FAE04EC0-301F-11D3-BF4B-00C04F79EFBC}") = "Meta.Voice.Samples.LiveUnderstanding", "Meta.Voice.Samples.LiveUnderstanding.csproj", "{E70B94A3-50B4-8FB9-101F-CDE9DAA3E026}"
EndProject
Project("{FAE04EC0-301F-11D3-BF4B-00C04F79EFBC}") = "Facebook.Wit.Dictation.Editor", "Facebook.Wit.Dictation.Editor.csproj", "{1E7E2AF8-5764-93A2-F0F3-BA3ACBD687A1}"
EndProject
Project("{FAE04EC0-301F-11D3-BF4B-00C04F79EFBC}") = "Meta.VoiceSDK.Mic.WebGL", "Meta.VoiceSDK.Mic.WebGL.csproj", "{519337F8-A9B9-B9C6-FD6D-0BD01F06FA0E}"
EndProject
Global
	GlobalSection(SolutionConfigurationPlatforms) = preSolution
		Debug|Any CPU = Debug|Any CPU
		Release|Any CPU = Release|Any CPU
	EndGlobalSection
	GlobalSection(ProjectConfigurationPlatforms) = postSolution
		{034745D9-A895-860C-4DD9-B6E8BFAC9FA0}.Debug|Any CPU.ActiveCfg = Debug|Any CPU
		{034745D9-A895-860C-4DD9-B6E8BFAC9FA0}.Debug|Any CPU.Build.0 = Debug|Any CPU
		{034745D9-A895-860C-4DD9-B6E8BFAC9FA0}.Release|Any CPU.ActiveCfg = Release|Any CPU
		{034745D9-A895-860C-4DD9-B6E8BFAC9FA0}.Release|Any CPU.Build.0 = Release|Any CPU
		{7A762A48-CBCE-0A0E-8596-352D976BFB98}.Debug|Any CPU.ActiveCfg = Debug|Any CPU
		{7A762A48-CBCE-0A0E-8596-352D976BFB98}.Debug|Any CPU.Build.0 = Debug|Any CPU
		{7A762A48-CBCE-0A0E-8596-352D976BFB98}.Release|Any CPU.ActiveCfg = Release|Any CPU
		{7A762A48-CBCE-0A0E-8596-352D976BFB98}.Release|Any CPU.Build.0 = Release|Any CPU
		{9241B789-CE97-D7C8-FEF0-AC80AEC91C2B}.Debug|Any CPU.ActiveCfg = Debug|Any CPU
		{9241B789-CE97-D7C8-FEF0-AC80AEC91C2B}.Debug|Any CPU.Build.0 = Debug|Any CPU
		{9241B789-CE97-D7C8-FEF0-AC80AEC91C2B}.Release|Any CPU.ActiveCfg = Release|Any CPU
		{9241B789-CE97-D7C8-FEF0-AC80AEC91C2B}.Release|Any CPU.Build.0 = Release|Any CPU
		{96690964-4B34-1842-8417-A2DE2B6642C8}.Debug|Any CPU.ActiveCfg = Debug|Any CPU
		{96690964-4B34-1842-8417-A2DE2B6642C8}.Debug|Any CPU.Build.0 = Debug|Any CPU
		{96690964-4B34-1842-8417-A2DE2B6642C8}.Release|Any CPU.ActiveCfg = Release|Any CPU
		{96690964-4B34-1842-8417-A2DE2B6642C8}.Release|Any CPU.Build.0 = Release|Any CPU
		{FDA08519-9E04-D427-87DF-1A5DF280BDD4}.Debug|Any CPU.ActiveCfg = Debug|Any CPU
		{FDA08519-9E04-D427-87DF-1A5DF280BDD4}.Debug|Any CPU.Build.0 = Debug|Any CPU
		{FDA08519-9E04-D427-87DF-1A5DF280BDD4}.Release|Any CPU.ActiveCfg = Release|Any CPU
		{FDA08519-9E04-D427-87DF-1A5DF280BDD4}.Release|Any CPU.Build.0 = Release|Any CPU
		{3A496A3E-366C-40B7-5CA4-96E5ACF118C6}.Debug|Any CPU.ActiveCfg = Debug|Any CPU
		{3A496A3E-366C-40B7-5CA4-96E5ACF118C6}.Debug|Any CPU.Build.0 = Debug|Any CPU
		{3A496A3E-366C-40B7-5CA4-96E5ACF118C6}.Release|Any CPU.ActiveCfg = Release|Any CPU
		{3A496A3E-366C-40B7-5CA4-96E5ACF118C6}.Release|Any CPU.Build.0 = Release|Any CPU
		{B4DEC6AA-D9BE-9C26-D1AA-A31CD83B4902}.Debug|Any CPU.ActiveCfg = Debug|Any CPU
		{B4DEC6AA-D9BE-9C26-D1AA-A31CD83B4902}.Debug|Any CPU.Build.0 = Debug|Any CPU
		{B4DEC6AA-D9BE-9C26-D1AA-A31CD83B4902}.Release|Any CPU.ActiveCfg = Release|Any CPU
		{B4DEC6AA-D9BE-9C26-D1AA-A31CD83B4902}.Release|Any CPU.Build.0 = Release|Any CPU
		{53033201-655B-C46F-62A4-7A9A6898D324}.Debug|Any CPU.ActiveCfg = Debug|Any CPU
		{53033201-655B-C46F-62A4-7A9A6898D324}.Debug|Any CPU.Build.0 = Debug|Any CPU
		{53033201-655B-C46F-62A4-7A9A6898D324}.Release|Any CPU.ActiveCfg = Release|Any CPU
		{53033201-655B-C46F-62A4-7A9A6898D324}.Release|Any CPU.Build.0 = Release|Any CPU
		{25230D73-15A5-4E3A-5267-2C1569CCC590}.Debug|Any CPU.ActiveCfg = Debug|Any CPU
		{25230D73-15A5-4E3A-5267-2C1569CCC590}.Debug|Any CPU.Build.0 = Debug|Any CPU
		{25230D73-15A5-4E3A-5267-2C1569CCC590}.Release|Any CPU.ActiveCfg = Release|Any CPU
		{25230D73-15A5-4E3A-5267-2C1569CCC590}.Release|Any CPU.Build.0 = Release|Any CPU
		{0CD626AD-F776-A047-8363-8694148271E9}.Debug|Any CPU.ActiveCfg = Debug|Any CPU
		{0CD626AD-F776-A047-8363-8694148271E9}.Debug|Any CPU.Build.0 = Debug|Any CPU
		{0CD626AD-F776-A047-8363-8694148271E9}.Release|Any CPU.ActiveCfg = Release|Any CPU
		{0CD626AD-F776-A047-8363-8694148271E9}.Release|Any CPU.Build.0 = Release|Any CPU
		{3AEA09C8-3C44-2FF5-D0E2-75A42A891FAF}.Debug|Any CPU.ActiveCfg = Debug|Any CPU
		{3AEA09C8-3C44-2FF5-D0E2-75A42A891FAF}.Debug|Any CPU.Build.0 = Debug|Any CPU
		{3AEA09C8-3C44-2FF5-D0E2-75A42A891FAF}.Release|Any CPU.ActiveCfg = Release|Any CPU
		{3AEA09C8-3C44-2FF5-D0E2-75A42A891FAF}.Release|Any CPU.Build.0 = Release|Any CPU
		{44A1B76B-8648-C5A0-676A-3D57D35D09E7}.Debug|Any CPU.ActiveCfg = Debug|Any CPU
		{44A1B76B-8648-C5A0-676A-3D57D35D09E7}.Debug|Any CPU.Build.0 = Debug|Any CPU
		{44A1B76B-8648-C5A0-676A-3D57D35D09E7}.Release|Any CPU.ActiveCfg = Release|Any CPU
		{44A1B76B-8648-C5A0-676A-3D57D35D09E7}.Release|Any CPU.Build.0 = Release|Any CPU
		{D2ED9C22-9E72-1BA2-DC8D-9EC7FAFA8189}.Debug|Any CPU.ActiveCfg = Debug|Any CPU
		{D2ED9C22-9E72-1BA2-DC8D-9EC7FAFA8189}.Debug|Any CPU.Build.0 = Debug|Any CPU
		{D2ED9C22-9E72-1BA2-DC8D-9EC7FAFA8189}.Release|Any CPU.ActiveCfg = Release|Any CPU
		{D2ED9C22-9E72-1BA2-DC8D-9EC7FAFA8189}.Release|Any CPU.Build.0 = Release|Any CPU
		{6121B3A1-9E51-6C5F-301E-A70C9ECEFD4F}.Debug|Any CPU.ActiveCfg = Debug|Any CPU
		{6121B3A1-9E51-6C5F-301E-A70C9ECEFD4F}.Debug|Any CPU.Build.0 = Debug|Any CPU
		{6121B3A1-9E51-6C5F-301E-A70C9ECEFD4F}.Release|Any CPU.ActiveCfg = Release|Any CPU
		{6121B3A1-9E51-6C5F-301E-A70C9ECEFD4F}.Release|Any CPU.Build.0 = Release|Any CPU
		{2E985560-4A41-8159-9FE5-8F0D2BE30E2C}.Debug|Any CPU.ActiveCfg = Debug|Any CPU
		{2E985560-4A41-8159-9FE5-8F0D2BE30E2C}.Debug|Any CPU.Build.0 = Debug|Any CPU
		{2E985560-4A41-8159-9FE5-8F0D2BE30E2C}.Release|Any CPU.ActiveCfg = Release|Any CPU
		{2E985560-4A41-8159-9FE5-8F0D2BE30E2C}.Release|Any CPU.Build.0 = Release|Any CPU
		{15DA59D8-F8A6-C5F8-30B2-8F2EE5FB2FC4}.Debug|Any CPU.ActiveCfg = Debug|Any CPU
		{15DA59D8-F8A6-C5F8-30B2-8F2EE5FB2FC4}.Debug|Any CPU.Build.0 = Debug|Any CPU
		{15DA59D8-F8A6-C5F8-30B2-8F2EE5FB2FC4}.Release|Any CPU.ActiveCfg = Release|Any CPU
		{15DA59D8-F8A6-C5F8-30B2-8F2EE5FB2FC4}.Release|Any CPU.Build.0 = Release|Any CPU
		{37DD425B-630F-C994-20B1-35B8670C6494}.Debug|Any CPU.ActiveCfg = Debug|Any CPU
		{37DD425B-630F-C994-20B1-35B8670C6494}.Debug|Any CPU.Build.0 = Debug|Any CPU
		{37DD425B-630F-C994-20B1-35B8670C6494}.Release|Any CPU.ActiveCfg = Release|Any CPU
		{37DD425B-630F-C994-20B1-35B8670C6494}.Release|Any CPU.Build.0 = Release|Any CPU
		{43D1E835-7333-330F-72DF-E794636150FF}.Debug|Any CPU.ActiveCfg = Debug|Any CPU
		{43D1E835-7333-330F-72DF-E794636150FF}.Debug|Any CPU.Build.0 = Debug|Any CPU
		{43D1E835-7333-330F-72DF-E794636150FF}.Release|Any CPU.ActiveCfg = Release|Any CPU
		{43D1E835-7333-330F-72DF-E794636150FF}.Release|Any CPU.Build.0 = Release|Any CPU
		{BAFF35F5-5501-408E-AAB4-88B9577C16D4}.Debug|Any CPU.ActiveCfg = Debug|Any CPU
		{BAFF35F5-5501-408E-AAB4-88B9577C16D4}.Debug|Any CPU.Build.0 = Debug|Any CPU
		{BAFF35F5-5501-408E-AAB4-88B9577C16D4}.Release|Any CPU.ActiveCfg = Release|Any CPU
		{BAFF35F5-5501-408E-AAB4-88B9577C16D4}.Release|Any CPU.Build.0 = Release|Any CPU
		{1F0517AF-786C-11F4-3275-D605846FCA90}.Debug|Any CPU.ActiveCfg = Debug|Any CPU
		{1F0517AF-786C-11F4-3275-D605846FCA90}.Debug|Any CPU.Build.0 = Debug|Any CPU
		{1F0517AF-786C-11F4-3275-D605846FCA90}.Release|Any CPU.ActiveCfg = Release|Any CPU
		{1F0517AF-786C-11F4-3275-D605846FCA90}.Release|Any CPU.Build.0 = Release|Any CPU
		{7795AC03-924C-3829-ECD8-D4025C5E59ED}.Debug|Any CPU.ActiveCfg = Debug|Any CPU
		{7795AC03-924C-3829-ECD8-D4025C5E59ED}.Debug|Any CPU.Build.0 = Debug|Any CPU
		{7795AC03-924C-3829-ECD8-D4025C5E59ED}.Release|Any CPU.ActiveCfg = Release|Any CPU
		{7795AC03-924C-3829-ECD8-D4025C5E59ED}.Release|Any CPU.Build.0 = Release|Any CPU
		{CB75C635-6A23-ADCF-6BA9-28EE8A53D280}.Debug|Any CPU.ActiveCfg = Debug|Any CPU
		{CB75C635-6A23-ADCF-6BA9-28EE8A53D280}.Debug|Any CPU.Build.0 = Debug|Any CPU
		{CB75C635-6A23-ADCF-6BA9-28EE8A53D280}.Release|Any CPU.ActiveCfg = Release|Any CPU
		{CB75C635-6A23-ADCF-6BA9-28EE8A53D280}.Release|Any CPU.Build.0 = Release|Any CPU
		{A8F17B7B-1A9D-E604-6515-673078858044}.Debug|Any CPU.ActiveCfg = Debug|Any CPU
		{A8F17B7B-1A9D-E604-6515-673078858044}.Debug|Any CPU.Build.0 = Debug|Any CPU
		{A8F17B7B-1A9D-E604-6515-673078858044}.Release|Any CPU.ActiveCfg = Release|Any CPU
		{A8F17B7B-1A9D-E604-6515-673078858044}.Release|Any CPU.Build.0 = Release|Any CPU
		{22E43BC4-A0C9-987B-4919-1EB8ABC46BA6}.Debug|Any CPU.ActiveCfg = Debug|Any CPU
		{22E43BC4-A0C9-987B-4919-1EB8ABC46BA6}.Debug|Any CPU.Build.0 = Debug|Any CPU
		{22E43BC4-A0C9-987B-4919-1EB8ABC46BA6}.Release|Any CPU.ActiveCfg = Release|Any CPU
		{22E43BC4-A0C9-987B-4919-1EB8ABC46BA6}.Release|Any CPU.Build.0 = Release|Any CPU
		{85BD0136-EB24-26F4-1FBD-AE6828B3B791}.Debug|Any CPU.ActiveCfg = Debug|Any CPU
		{85BD0136-EB24-26F4-1FBD-AE6828B3B791}.Debug|Any CPU.Build.0 = Debug|Any CPU
		{85BD0136-EB24-26F4-1FBD-AE6828B3B791}.Release|Any CPU.ActiveCfg = Release|Any CPU
		{85BD0136-EB24-26F4-1FBD-AE6828B3B791}.Release|Any CPU.Build.0 = Release|Any CPU
		{C2A357E2-92DE-5FF7-F0DE-258862461F62}.Debug|Any CPU.ActiveCfg = Debug|Any CPU
		{C2A357E2-92DE-5FF7-F0DE-258862461F62}.Debug|Any CPU.Build.0 = Debug|Any CPU
		{C2A357E2-92DE-5FF7-F0DE-258862461F62}.Release|Any CPU.ActiveCfg = Release|Any CPU
		{C2A357E2-92DE-5FF7-F0DE-258862461F62}.Release|Any CPU.Build.0 = Release|Any CPU
		{4BF0BDD1-7AE4-B5FE-92C6-4A5A29695FBB}.Debug|Any CPU.ActiveCfg = Debug|Any CPU
		{4BF0BDD1-7AE4-B5FE-92C6-4A5A29695FBB}.Debug|Any CPU.Build.0 = Debug|Any CPU
		{4BF0BDD1-7AE4-B5FE-92C6-4A5A29695FBB}.Release|Any CPU.ActiveCfg = Release|Any CPU
		{4BF0BDD1-7AE4-B5FE-92C6-4A5A29695FBB}.Release|Any CPU.Build.0 = Release|Any CPU
		{62831C70-931C-98EA-BA2A-C61619B8FBF3}.Debug|Any CPU.ActiveCfg = Debug|Any CPU
		{62831C70-931C-98EA-BA2A-C61619B8FBF3}.Debug|Any CPU.Build.0 = Debug|Any CPU
		{62831C70-931C-98EA-BA2A-C61619B8FBF3}.Release|Any CPU.ActiveCfg = Release|Any CPU
		{62831C70-931C-98EA-BA2A-C61619B8FBF3}.Release|Any CPU.Build.0 = Release|Any CPU
		{85FF68D4-76E9-7B1A-F2C7-9B3AF73372A8}.Debug|Any CPU.ActiveCfg = Debug|Any CPU
		{85FF68D4-76E9-7B1A-F2C7-9B3AF73372A8}.Debug|Any CPU.Build.0 = Debug|Any CPU
		{85FF68D4-76E9-7B1A-F2C7-9B3AF73372A8}.Release|Any CPU.ActiveCfg = Release|Any CPU
		{85FF68D4-76E9-7B1A-F2C7-9B3AF73372A8}.Release|Any CPU.Build.0 = Release|Any CPU
		{3C78CEC1-5A0A-657F-3DFB-3D5F764D8E23}.Debug|Any CPU.ActiveCfg = Debug|Any CPU
		{3C78CEC1-5A0A-657F-3DFB-3D5F764D8E23}.Debug|Any CPU.Build.0 = Debug|Any CPU
		{3C78CEC1-5A0A-657F-3DFB-3D5F764D8E23}.Release|Any CPU.ActiveCfg = Release|Any CPU
		{3C78CEC1-5A0A-657F-3DFB-3D5F764D8E23}.Release|Any CPU.Build.0 = Release|Any CPU
		{FFEB1CAE-3E04-4189-991B-9188B3A1A0AC}.Debug|Any CPU.ActiveCfg = Debug|Any CPU
		{FFEB1CAE-3E04-4189-991B-9188B3A1A0AC}.Debug|Any CPU.Build.0 = Debug|Any CPU
		{FFEB1CAE-3E04-4189-991B-9188B3A1A0AC}.Release|Any CPU.ActiveCfg = Release|Any CPU
		{FFEB1CAE-3E04-4189-991B-9188B3A1A0AC}.Release|Any CPU.Build.0 = Release|Any CPU
		{79F4F426-0439-0C38-2821-6126F1B9702B}.Debug|Any CPU.ActiveCfg = Debug|Any CPU
		{79F4F426-0439-0C38-2821-6126F1B9702B}.Debug|Any CPU.Build.0 = Debug|Any CPU
		{79F4F426-0439-0C38-2821-6126F1B9702B}.Release|Any CPU.ActiveCfg = Release|Any CPU
		{79F4F426-0439-0C38-2821-6126F1B9702B}.Release|Any CPU.Build.0 = Release|Any CPU
		{AA63ACC2-8A4F-EE9F-D37D-B909EB18DE4E}.Debug|Any CPU.ActiveCfg = Debug|Any CPU
		{AA63ACC2-8A4F-EE9F-D37D-B909EB18DE4E}.Debug|Any CPU.Build.0 = Debug|Any CPU
		{AA63ACC2-8A4F-EE9F-D37D-B909EB18DE4E}.Release|Any CPU.ActiveCfg = Release|Any CPU
		{AA63ACC2-8A4F-EE9F-D37D-B909EB18DE4E}.Release|Any CPU.Build.0 = Release|Any CPU
		{550EC691-6E7F-B31B-D16C-1DDBC8D11F95}.Debug|Any CPU.ActiveCfg = Debug|Any CPU
		{550EC691-6E7F-B31B-D16C-1DDBC8D11F95}.Debug|Any CPU.Build.0 = Debug|Any CPU
		{550EC691-6E7F-B31B-D16C-1DDBC8D11F95}.Release|Any CPU.ActiveCfg = Release|Any CPU
		{550EC691-6E7F-B31B-D16C-1DDBC8D11F95}.Release|Any CPU.Build.0 = Release|Any CPU
		{6F876061-E3B3-DA66-06C0-3A6971A798F2}.Debug|Any CPU.ActiveCfg = Debug|Any CPU
		{6F876061-E3B3-DA66-06C0-3A6971A798F2}.Debug|Any CPU.Build.0 = Debug|Any CPU
		{6F876061-E3B3-DA66-06C0-3A6971A798F2}.Release|Any CPU.ActiveCfg = Release|Any CPU
		{6F876061-E3B3-DA66-06C0-3A6971A798F2}.Release|Any CPU.Build.0 = Release|Any CPU
		{0B84D8D1-01AF-DC2D-D3D2-30B490CEDDBE}.Debug|Any CPU.ActiveCfg = Debug|Any CPU
		{0B84D8D1-01AF-DC2D-D3D2-30B490CEDDBE}.Debug|Any CPU.Build.0 = Debug|Any CPU
		{0B84D8D1-01AF-DC2D-D3D2-30B490CEDDBE}.Release|Any CPU.ActiveCfg = Release|Any CPU
		{0B84D8D1-01AF-DC2D-D3D2-30B490CEDDBE}.Release|Any CPU.Build.0 = Release|Any CPU
		{83A5ADCC-397C-625D-0D71-B96A080A386A}.Debug|Any CPU.ActiveCfg = Debug|Any CPU
		{83A5ADCC-397C-625D-0D71-B96A080A386A}.Debug|Any CPU.Build.0 = Debug|Any CPU
		{83A5ADCC-397C-625D-0D71-B96A080A386A}.Release|Any CPU.ActiveCfg = Release|Any CPU
		{83A5ADCC-397C-625D-0D71-B96A080A386A}.Release|Any CPU.Build.0 = Release|Any CPU
		{6294F46E-292A-12FE-AE64-734B75CA670F}.Debug|Any CPU.ActiveCfg = Debug|Any CPU
		{6294F46E-292A-12FE-AE64-734B75CA670F}.Debug|Any CPU.Build.0 = Debug|Any CPU
		{6294F46E-292A-12FE-AE64-734B75CA670F}.Release|Any CPU.ActiveCfg = Release|Any CPU
		{6294F46E-292A-12FE-AE64-734B75CA670F}.Release|Any CPU.Build.0 = Release|Any CPU
		{6C163A33-57D0-FF1E-A58E-867B6ABCDCEE}.Debug|Any CPU.ActiveCfg = Debug|Any CPU
		{6C163A33-57D0-FF1E-A58E-867B6ABCDCEE}.Debug|Any CPU.Build.0 = Debug|Any CPU
		{6C163A33-57D0-FF1E-A58E-867B6ABCDCEE}.Release|Any CPU.ActiveCfg = Release|Any CPU
		{6C163A33-57D0-FF1E-A58E-867B6ABCDCEE}.Release|Any CPU.Build.0 = Release|Any CPU
		{C5421EB6-CB8C-1820-DB01-22F3C8C52BC4}.Debug|Any CPU.ActiveCfg = Debug|Any CPU
		{C5421EB6-CB8C-1820-DB01-22F3C8C52BC4}.Debug|Any CPU.Build.0 = Debug|Any CPU
		{C5421EB6-CB8C-1820-DB01-22F3C8C52BC4}.Release|Any CPU.ActiveCfg = Release|Any CPU
		{C5421EB6-CB8C-1820-DB01-22F3C8C52BC4}.Release|Any CPU.Build.0 = Release|Any CPU
		{98A4F756-0DB1-BF6F-7F87-1A3B643D7F70}.Debug|Any CPU.ActiveCfg = Debug|Any CPU
		{98A4F756-0DB1-BF6F-7F87-1A3B643D7F70}.Debug|Any CPU.Build.0 = Debug|Any CPU
		{98A4F756-0DB1-BF6F-7F87-1A3B643D7F70}.Release|Any CPU.ActiveCfg = Release|Any CPU
		{98A4F756-0DB1-BF6F-7F87-1A3B643D7F70}.Release|Any CPU.Build.0 = Release|Any CPU
		{BCEE1518-A9AC-A4B6-FF33-454D24B1B11F}.Debug|Any CPU.ActiveCfg = Debug|Any CPU
		{BCEE1518-A9AC-A4B6-FF33-454D24B1B11F}.Debug|Any CPU.Build.0 = Debug|Any CPU
		{BCEE1518-A9AC-A4B6-FF33-454D24B1B11F}.Release|Any CPU.ActiveCfg = Release|Any CPU
		{BCEE1518-A9AC-A4B6-FF33-454D24B1B11F}.Release|Any CPU.Build.0 = Release|Any CPU
		{0CB08BCE-AED8-F451-6B4D-514891B840BB}.Debug|Any CPU.ActiveCfg = Debug|Any CPU
		{0CB08BCE-AED8-F451-6B4D-514891B840BB}.Debug|Any CPU.Build.0 = Debug|Any CPU
		{0CB08BCE-AED8-F451-6B4D-514891B840BB}.Release|Any CPU.ActiveCfg = Release|Any CPU
		{0CB08BCE-AED8-F451-6B4D-514891B840BB}.Release|Any CPU.Build.0 = Release|Any CPU
		{FB0BD7E8-A2A1-0877-354A-256448C7DD10}.Debug|Any CPU.ActiveCfg = Debug|Any CPU
		{FB0BD7E8-A2A1-0877-354A-256448C7DD10}.Debug|Any CPU.Build.0 = Debug|Any CPU
		{FB0BD7E8-A2A1-0877-354A-256448C7DD10}.Release|Any CPU.ActiveCfg = Release|Any CPU
		{FB0BD7E8-A2A1-0877-354A-256448C7DD10}.Release|Any CPU.Build.0 = Release|Any CPU
		{313B6026-8520-912B-9766-C6405EF05A3B}.Debug|Any CPU.ActiveCfg = Debug|Any CPU
		{313B6026-8520-912B-9766-C6405EF05A3B}.Debug|Any CPU.Build.0 = Debug|Any CPU
		{313B6026-8520-912B-9766-C6405EF05A3B}.Release|Any CPU.ActiveCfg = Release|Any CPU
		{313B6026-8520-912B-9766-C6405EF05A3B}.Release|Any CPU.Build.0 = Release|Any CPU
		{16B47427-A557-A61C-77BB-6C55B4A4CA43}.Debug|Any CPU.ActiveCfg = Debug|Any CPU
		{16B47427-A557-A61C-77BB-6C55B4A4CA43}.Debug|Any CPU.Build.0 = Debug|Any CPU
		{16B47427-A557-A61C-77BB-6C55B4A4CA43}.Release|Any CPU.ActiveCfg = Release|Any CPU
		{16B47427-A557-A61C-77BB-6C55B4A4CA43}.Release|Any CPU.Build.0 = Release|Any CPU
		{55254B2B-1E46-8F52-CA34-A7394F9863BA}.Debug|Any CPU.ActiveCfg = Debug|Any CPU
		{55254B2B-1E46-8F52-CA34-A7394F9863BA}.Debug|Any CPU.Build.0 = Debug|Any CPU
		{55254B2B-1E46-8F52-CA34-A7394F9863BA}.Release|Any CPU.ActiveCfg = Release|Any CPU
		{55254B2B-1E46-8F52-CA34-A7394F9863BA}.Release|Any CPU.Build.0 = Release|Any CPU
		{B403FDCE-A592-73AB-0E54-98ED56AA2770}.Debug|Any CPU.ActiveCfg = Debug|Any CPU
		{B403FDCE-A592-73AB-0E54-98ED56AA2770}.Debug|Any CPU.Build.0 = Debug|Any CPU
		{B403FDCE-A592-73AB-0E54-98ED56AA2770}.Release|Any CPU.ActiveCfg = Release|Any CPU
		{B403FDCE-A592-73AB-0E54-98ED56AA2770}.Release|Any CPU.Build.0 = Release|Any CPU
		{02478CA7-2A46-0D80-9289-13FF476AA8CC}.Debug|Any CPU.ActiveCfg = Debug|Any CPU
		{02478CA7-2A46-0D80-9289-13FF476AA8CC}.Debug|Any CPU.Build.0 = Debug|Any CPU
		{02478CA7-2A46-0D80-9289-13FF476AA8CC}.Release|Any CPU.ActiveCfg = Release|Any CPU
		{02478CA7-2A46-0D80-9289-13FF476AA8CC}.Release|Any CPU.Build.0 = Release|Any CPU
		{5BC46AC1-A37A-0335-DA5A-53EE8C69DDAF}.Debug|Any CPU.ActiveCfg = Debug|Any CPU
		{5BC46AC1-A37A-0335-DA5A-53EE8C69DDAF}.Debug|Any CPU.Build.0 = Debug|Any CPU
		{5BC46AC1-A37A-0335-DA5A-53EE8C69DDAF}.Release|Any CPU.ActiveCfg = Release|Any CPU
		{5BC46AC1-A37A-0335-DA5A-53EE8C69DDAF}.Release|Any CPU.Build.0 = Release|Any CPU
		{D8675B5B-8264-CAE9-6DBF-0C71BD66AE81}.Debug|Any CPU.ActiveCfg = Debug|Any CPU
		{D8675B5B-8264-CAE9-6DBF-0C71BD66AE81}.Debug|Any CPU.Build.0 = Debug|Any CPU
		{D8675B5B-8264-CAE9-6DBF-0C71BD66AE81}.Release|Any CPU.ActiveCfg = Release|Any CPU
		{D8675B5B-8264-CAE9-6DBF-0C71BD66AE81}.Release|Any CPU.Build.0 = Release|Any CPU
		{CDE3D00D-8C1F-812A-902E-414B28D9B2FE}.Debug|Any CPU.ActiveCfg = Debug|Any CPU
		{CDE3D00D-8C1F-812A-902E-414B28D9B2FE}.Debug|Any CPU.Build.0 = Debug|Any CPU
		{CDE3D00D-8C1F-812A-902E-414B28D9B2FE}.Release|Any CPU.ActiveCfg = Release|Any CPU
		{CDE3D00D-8C1F-812A-902E-414B28D9B2FE}.Release|Any CPU.Build.0 = Release|Any CPU
		{E70B94A3-50B4-8FB9-101F-CDE9DAA3E026}.Debug|Any CPU.ActiveCfg = Debug|Any CPU
		{E70B94A3-50B4-8FB9-101F-CDE9DAA3E026}.Debug|Any CPU.Build.0 = Debug|Any CPU
		{E70B94A3-50B4-8FB9-101F-CDE9DAA3E026}.Release|Any CPU.ActiveCfg = Release|Any CPU
		{E70B94A3-50B4-8FB9-101F-CDE9DAA3E026}.Release|Any CPU.Build.0 = Release|Any CPU
		{1E7E2AF8-5764-93A2-F0F3-BA3ACBD687A1}.Debug|Any CPU.ActiveCfg = Debug|Any CPU
		{1E7E2AF8-5764-93A2-F0F3-BA3ACBD687A1}.Debug|Any CPU.Build.0 = Debug|Any CPU
		{1E7E2AF8-5764-93A2-F0F3-BA3ACBD687A1}.Release|Any CPU.ActiveCfg = Release|Any CPU
		{1E7E2AF8-5764-93A2-F0F3-BA3ACBD687A1}.Release|Any CPU.Build.0 = Release|Any CPU
		{519337F8-A9B9-B9C6-FD6D-0BD01F06FA0E}.Debug|Any CPU.ActiveCfg = Debug|Any CPU
		{519337F8-A9B9-B9C6-FD6D-0BD01F06FA0E}.Debug|Any CPU.Build.0 = Debug|Any CPU
		{519337F8-A9B9-B9C6-FD6D-0BD01F06FA0E}.Release|Any CPU.ActiveCfg = Release|Any CPU
		{519337F8-A9B9-B9C6-FD6D-0BD01F06FA0E}.Release|Any CPU.Build.0 = Release|Any CPU
	EndGlobalSection
	GlobalSection(SolutionProperties) = preSolution
		HideSolutionNode = FALSE
	EndGlobalSection
EndGlobal
