
Microsoft Visual Studio Solution File, Format Version 12.00
# Visual Studio 15
Project("{FAE04EC0-301F-11D3-BF4B-00C04F79EFBC}") = "Assembly-CSharp", "Assembly-CSharp.csproj", "{664CB250-AB6A-BEB5-1CE1-A3361A51E69E}"
EndProject
Project("{FAE04EC0-301F-11D3-BF4B-00C04F79EFBC}") = "Assembly-CSharp-Editor", "Assembly-CSharp-Editor.csproj", "{996388A2-5F3E-2AC1-0DF9-EA50A537970B}"
EndProject
Global
	GlobalSection(SolutionConfigurationPlatforms) = preSolution
		Debug|Any CPU = Debug|Any CPU
		Release|Any CPU = Release|Any CPU
	EndGlobalSection
	GlobalSection(ProjectConfigurationPlatforms) = postSolution
		{664CB250-AB6A-BEB5-1CE1-A3361A51E69E}.Debug|Any CPU.ActiveCfg = Debug|Any CPU
		{664CB250-AB6A-BEB5-1CE1-A3361A51E69E}.Debug|Any CPU.Build.0 = Debug|Any CPU
		{664CB250-AB6A-BEB5-1CE1-A3361A51E69E}.Release|Any CPU.ActiveCfg = Release|Any CPU
		{664CB250-AB6A-BEB5-1CE1-A3361A51E69E}.Release|Any CPU.Build.0 = Release|Any CPU
		{996388A2-5F3E-2AC1-0DF9-EA50A537970B}.Debug|Any CPU.ActiveCfg = Debug|Any CPU
		{996388A2-5F3E-2AC1-0DF9-EA50A537970B}.Debug|Any CPU.Build.0 = Debug|Any CPU
		{996388A2-5F3E-2AC1-0DF9-EA50A537970B}.Release|Any CPU.ActiveCfg = Release|Any CPU
		{996388A2-5F3E-2AC1-0DF9-EA50A537970B}.Release|Any CPU.Build.0 = Release|Any CPU
	EndGlobalSection
	GlobalSection(SolutionProperties) = preSolution
		HideSolutionNode = FALSE
	EndGlobalSection
EndGlobal
