
Microsoft Visual Studio Solution File, Format Version 12.00
# Visual Studio 15
Project("{FAE04EC0-301F-11D3-BF4B-00C04F79EFBC}") = "Meta.WitAi.Conduit", "Meta.WitAi.Conduit.csproj", "{389EA8E0-3FD4-770C-CDA2-24A74DCBD2B2}"
EndProject
Project("{FAE04EC0-301F-11D3-BF4B-00C04F79EFBC}") = "Oculus.VR", "Oculus.VR.csproj", "{8CF1D007-D727-E3CF-39BD-E33519F42412}"
EndProject
Project("{FAE04EC0-301F-11D3-BF4B-00C04F79EFBC}") = "Oculus.Interaction", "Oculus.Interaction.csproj", "{77914271-629C-E7A7-8CCA-BA4871033284}"
EndProject
Project("{FAE04EC0-301F-11D3-BF4B-00C04F79EFBC}") = "Oculus.Interaction.Editor", "Oculus.Interaction.Editor.csproj", "{05D59C88-12B6-0BA7-9FC8-776C6921BAE3}"
EndProject
Project("{FAE04EC0-301F-11D3-BF4B-00C04F79EFBC}") = "Oculus.Platform", "Oculus.Platform.csproj", "{94FCC457-7B97-6090-6428-1A6F8F6EDA36}"
EndProject
Project("{FAE04EC0-301F-11D3-BF4B-00C04F79EFBC}") = "VoiceSDK.Telemetry", "VoiceSDK.Telemetry.csproj", "{A4DF9F06-6077-16F2-D1A4-3F95391777F5}"
EndProject
Project("{FAE04EC0-301F-11D3-BF4B-00C04F79EFBC}") = "Assembly-CSharp", "Assembly-CSharp.csproj", "{1DEC89E5-5E0E-E658-FFAA-EF7CAA410102}"
EndProject
Project("{FAE04EC0-301F-11D3-BF4B-00C04F79EFBC}") = "Oculus.Interaction.OVR.Samples", "Oculus.Interaction.OVR.Samples.csproj", "{D47C3ECB-4A4E-6DAD-E91E-2C79D4E8391E}"
EndProject
Project("{FAE04EC0-301F-11D3-BF4B-00C04F79EFBC}") = "Meta.WitAi.Lib", "Meta.WitAi.Lib.csproj", "{61CAF30E-E957-E9A4-9F93-23D6FB19F5A6}"
EndProject
Project("{FAE04EC0-301F-11D3-BF4B-00C04F79EFBC}") = "Meta.WitAi.Editor", "Meta.WitAi.Editor.csproj", "{0D6ECA1A-3D1D-BDC2-CC93-719E7053D8BC}"
EndProject
Project("{FAE04EC0-301F-11D3-BF4B-00C04F79EFBC}") = "Meta.WitAi.Conduit.Editor", "Meta.WitAi.Conduit.Editor.csproj", "{2BB33BB8-0B8C-B4F2-8C17-7633685E4C99}"
EndProject
Project("{FAE04EC0-301F-11D3-BF4B-00C04F79EFBC}") = "Meta.WitAi", "Meta.WitAi.csproj", "{2EBD5097-11C0-B50B-C172-8B64934F4E5A}"
EndProject
Project("{FAE04EC0-301F-11D3-BF4B-00C04F79EFBC}") = "Oculus.VR.Editor", "Oculus.VR.Editor.csproj", "{C3FBA618-A71F-1E9F-E31E-6065903661C2}"
EndProject
Project("{FAE04EC0-301F-11D3-BF4B-00C04F79EFBC}") = "Oculus.Interaction.OVR.Editor", "Oculus.Interaction.OVR.Editor.csproj", "{2603739D-9951-CFC0-3BBD-E389557E8D43}"
EndProject
Project("{FAE04EC0-301F-11D3-BF4B-00C04F79EFBC}") = "Oculus.LipSync", "Oculus.LipSync.csproj", "{BC42E64D-1CBA-FEE4-F351-036BF9995C9D}"
EndProject
Project("{FAE04EC0-301F-11D3-BF4B-00C04F79EFBC}") = "Oculus.Interaction.OVR", "Oculus.Interaction.OVR.csproj", "{771F1CF6-73BA-3AC7-71B2-EA81FFD5CDDC}"
EndProject
Project("{FAE04EC0-301F-11D3-BF4B-00C04F79EFBC}") = "VoiceSDK.Editor", "VoiceSDK.Editor.csproj", "{752AD7D6-3160-6282-CE9B-AAF3F3C172FB}"
EndProject
Project("{FAE04EC0-301F-11D3-BF4B-00C04F79EFBC}") = "Meta.WitAI.Lib.Editor", "Meta.WitAI.Lib.Editor.csproj", "{373833AE-07AC-0BB1-D373-7366D777CEF2}"
EndProject
Project("{FAE04EC0-301F-11D3-BF4B-00C04F79EFBC}") = "Oculus.AudioManager", "Oculus.AudioManager.csproj", "{FAAAE574-EC03-F100-D2B1-B6C8B43677CE}"
EndProject
Project("{FAE04EC0-301F-11D3-BF4B-00C04F79EFBC}") = "Meta.Voice.Samples.BuiltInTimer", "Meta.Voice.Samples.BuiltInTimer.csproj", "{83253375-1875-BA41-A8E8-8F6BFE0260F9}"
EndProject
Project("{FAE04EC0-301F-11D3-BF4B-00C04F79EFBC}") = "Meta.XR.BuildingBlocks.Editor", "Meta.XR.BuildingBlocks.Editor.csproj", "{2C31FC96-4B42-9BD7-73B4-217B13EDA1E3}"
EndProject
Project("{FAE04EC0-301F-11D3-BF4B-00C04F79EFBC}") = "Meta.Voice.VSDKHub.Editor", "Meta.Voice.VSDKHub.Editor.csproj", "{B7700DB5-B3AF-5AA8-42E8-0FBC5C99F25B}"
EndProject
Project("{FAE04EC0-301F-11D3-BF4B-00C04F79EFBC}") = "VoiceSDK.Dictation.Runtime", "VoiceSDK.Dictation.Runtime.csproj", "{40D5414C-9410-C156-02D5-C88C2A9D2DAF}"
EndProject
Project("{FAE04EC0-301F-11D3-BF4B-00C04F79EFBC}") = "Meta.WitAi.TTS", "Meta.WitAi.TTS.csproj", "{AB572904-F817-99DD-2FD2-DEAA8ED5EEDC}"
EndProject
Project("{FAE04EC0-301F-11D3-BF4B-00C04F79EFBC}") = "AssistantCoreSDKRuntime", "AssistantCoreSDKRuntime.csproj", "{E7816E0C-E884-236F-E51F-8DB1313D6957}"
EndProject
Project("{FAE04EC0-301F-11D3-BF4B-00C04F79EFBC}") = "Assembly-CSharp-Editor", "Assembly-CSharp-Editor.csproj", "{341C11F3-53CD-B2F6-1384-BD590C465C2A}"
EndProject
Project("{FAE04EC0-301F-11D3-BF4B-00C04F79EFBC}") = "Meta.Voice.Samples.TTSVoices", "Meta.Voice.Samples.TTSVoices.csproj", "{28DAD035-DC2E-159A-E43E-8D159A41C847}"
EndProject
Project("{FAE04EC0-301F-11D3-BF4B-00C04F79EFBC}") = "VoiceSDK.Runtime", "VoiceSDK.Runtime.csproj", "{CDDB0A6D-BEFA-2C6C-AF8C-5ADC2F7B3A51}"
EndProject
Project("{FAE04EC0-301F-11D3-BF4B-00C04F79EFBC}") = "Oculus.VR.Scripts.Editor", "Oculus.VR.Scripts.Editor.csproj", "{AA64DA56-D346-D8F8-B1FF-032A63E7A395}"
EndProject
Project("{FAE04EC0-301F-11D3-BF4B-00C04F79EFBC}") = "Meta.Voice.Samples.LightTraits", "Meta.Voice.Samples.LightTraits.csproj", "{AAEC2D54-ABA6-CB21-F0D2-C8D686F8D202}"
EndProject
Project("{FAE04EC0-301F-11D3-BF4B-00C04F79EFBC}") = "Meta.Voice.Hub.Editor", "Meta.Voice.Hub.Editor.csproj", "{65A44A5A-6642-E8A8-FDC8-51965B9B3E45}"
EndProject
Project("{FAE04EC0-301F-11D3-BF4B-00C04F79EFBC}") = "Oculus.Interaction.Samples.Editor", "Oculus.Interaction.Samples.Editor.csproj", "{06D0DF42-C9D1-0F8F-709D-D5A94C90355E}"
EndProject
Project("{FAE04EC0-301F-11D3-BF4B-00C04F79EFBC}") = "Meta.WitAi.TTS.Editor", "Meta.WitAi.TTS.Editor.csproj", "{4E00AA1F-3A48-F8CA-44D2-EC56BD6915A6}"
EndProject
Project("{FAE04EC0-301F-11D3-BF4B-00C04F79EFBC}") = "Meta.XR.BuildingBlocks", "Meta.XR.BuildingBlocks.csproj", "{AD591BEC-A618-F743-35C9-4C9693D2F7D2}"
EndProject
Project("{FAE04EC0-301F-11D3-BF4B-00C04F79EFBC}") = "Oculus.Platform.Editor", "Oculus.Platform.Editor.csproj", "{4D913EDF-570C-D5D3-363F-BBA2207E3549}"
EndProject
Project("{FAE04EC0-301F-11D3-BF4B-00C04F79EFBC}") = "Facebook.Wit.Dictation", "Facebook.Wit.Dictation.csproj", "{9F536B60-6D74-14FF-0581-0B9CCAAFF8F9}"
EndProject
Project("{FAE04EC0-301F-11D3-BF4B-00C04F79EFBC}") = "Oculus.Spatializer.Editor", "Oculus.Spatializer.Editor.csproj", "{FF520B37-4B5E-1295-6E48-998578CA5119}"
EndProject
Project("{FAE04EC0-301F-11D3-BF4B-00C04F79EFBC}") = "Oculus.LipSync.Editor", "Oculus.LipSync.Editor.csproj", "{4E08D3AF-1778-20B7-FAFB-AC52C8A203CE}"
EndProject
Project("{FAE04EC0-301F-11D3-BF4B-00C04F79EFBC}") = "Oculus.AudioManager.Utils.Editor", "Oculus.AudioManager.Utils.Editor.csproj", "{DF506716-EB78-D24F-A8AE-A9F1111C1B7E}"
EndProject
Project("{FAE04EC0-301F-11D3-BF4B-00C04F79EFBC}") = "Meta.VoiceSDK.Mic.Common", "Meta.VoiceSDK.Mic.Common.csproj", "{C353428E-5D7A-95A6-F0DF-DBFA3E6C85DA}"
EndProject
Project("{FAE04EC0-301F-11D3-BF4B-00C04F79EFBC}") = "Meta.Voice.Samples.ShapesConduit", "Meta.Voice.Samples.ShapesConduit.csproj", "{A8F571A1-FF70-8557-BE5E-D9E7A11560F9}"
EndProject
Project("{FAE04EC0-301F-11D3-BF4B-00C04F79EFBC}") = "Oculus.Spatializer", "Oculus.Spatializer.csproj", "{41E34F85-1251-0E8A-F10E-4975F4CCBA71}"
EndProject
Project("{FAE04EC0-301F-11D3-BF4B-00C04F79EFBC}") = "Meta.VoiceSDK.Mic.Other", "Meta.VoiceSDK.Mic.Other.csproj", "{7C3F58C1-E771-7093-50B3-11853A1422CC}"
EndProject
Project("{FAE04EC0-301F-11D3-BF4B-00C04F79EFBC}") = "Oculus.Interaction.InterfaceSupport", "Oculus.Interaction.InterfaceSupport.csproj", "{40D651FF-A7F1-2C6D-252B-6A64F7DD5520}"
EndProject
Project("{FAE04EC0-301F-11D3-BF4B-00C04F79EFBC}") = "Oculus.AudioManager.Audio.Editor", "Oculus.AudioManager.Audio.Editor.csproj", "{69A03087-5E2D-4F5F-6CE8-1FFB381B7F41}"
EndProject
Project("{FAE04EC0-301F-11D3-BF4B-00C04F79EFBC}") = "Meta.Voice.Samples.LiveUnderstanding", "Meta.Voice.Samples.LiveUnderstanding.csproj", "{67942D50-3C10-018A-0FB1-141282E16B99}"
EndProject
Project("{FAE04EC0-301F-11D3-BF4B-00C04F79EFBC}") = "VoiceSDK.Dictation.Editor", "VoiceSDK.Dictation.Editor.csproj", "{756069F8-2D4C-4F95-57CB-C75D00CE0E25}"
EndProject
Project("{FAE04EC0-301F-11D3-BF4B-00C04F79EFBC}") = "AssistantCoreSDKEditor", "AssistantCoreSDKEditor.csproj", "{26DE15F1-7507-D118-B16A-AA288876A1AD}"
EndProject
Project("{FAE04EC0-301F-11D3-BF4B-00C04F79EFBC}") = "Meta.VoiceSDK.Mic.WebGL", "Meta.VoiceSDK.Mic.WebGL.csproj", "{47FCE620-4CD2-D8B7-B249-CA290B028D2F}"
EndProject
Project("{FAE04EC0-301F-11D3-BF4B-00C04F79EFBC}") = "Meta.Voice.Hub.Runtime", "Meta.Voice.Hub.Runtime.csproj", "{35FADE35-E0A1-84A5-0BF9-10C00CCDB0C8}"
EndProject
Project("{FAE04EC0-301F-11D3-BF4B-00C04F79EFBC}") = "Meta.Voice.Samples.Chess", "Meta.Voice.Samples.Chess.csproj", "{CFB65251-6334-F8EF-6A7B-9EAACFDA8453}"
EndProject
Project("{FAE04EC0-301F-11D3-BF4B-00C04F79EFBC}") = "Meta.Voice.Samples.Dictation", "Meta.Voice.Samples.Dictation.csproj", "{C2E33792-B16F-6A3E-C39A-6D7DA4C1D751}"
EndProject
Project("{FAE04EC0-301F-11D3-BF4B-00C04F79EFBC}") = "Meta.Voice.Samples.Shapes", "Meta.Voice.Samples.Shapes.csproj", "{E0CDD478-4724-6977-8253-932E3E69402D}"
EndProject
Project("{FAE04EC0-301F-11D3-BF4B-00C04F79EFBC}") = "Facebook.Wit.Dictation.Editor", "Facebook.Wit.Dictation.Editor.csproj", "{E7FF05F1-1B4F-E67B-44DE-829C14518AEC}"
EndProject
Global
	GlobalSection(SolutionConfigurationPlatforms) = preSolution
		Debug|Any CPU = Debug|Any CPU
		Release|Any CPU = Release|Any CPU
	EndGlobalSection
	GlobalSection(ProjectConfigurationPlatforms) = postSolution
		{389EA8E0-3FD4-770C-CDA2-24A74DCBD2B2}.Debug|Any CPU.ActiveCfg = Debug|Any CPU
		{389EA8E0-3FD4-770C-CDA2-24A74DCBD2B2}.Debug|Any CPU.Build.0 = Debug|Any CPU
		{389EA8E0-3FD4-770C-CDA2-24A74DCBD2B2}.Release|Any CPU.ActiveCfg = Release|Any CPU
		{389EA8E0-3FD4-770C-CDA2-24A74DCBD2B2}.Release|Any CPU.Build.0 = Release|Any CPU
		{8CF1D007-D727-E3CF-39BD-E33519F42412}.Debug|Any CPU.ActiveCfg = Debug|Any CPU
		{8CF1D007-D727-E3CF-39BD-E33519F42412}.Debug|Any CPU.Build.0 = Debug|Any CPU
		{8CF1D007-D727-E3CF-39BD-E33519F42412}.Release|Any CPU.ActiveCfg = Release|Any CPU
		{8CF1D007-D727-E3CF-39BD-E33519F42412}.Release|Any CPU.Build.0 = Release|Any CPU
		{77914271-629C-E7A7-8CCA-BA4871033284}.Debug|Any CPU.ActiveCfg = Debug|Any CPU
		{77914271-629C-E7A7-8CCA-BA4871033284}.Debug|Any CPU.Build.0 = Debug|Any CPU
		{77914271-629C-E7A7-8CCA-BA4871033284}.Release|Any CPU.ActiveCfg = Release|Any CPU
		{77914271-629C-E7A7-8CCA-BA4871033284}.Release|Any CPU.Build.0 = Release|Any CPU
		{05D59C88-12B6-0BA7-9FC8-776C6921BAE3}.Debug|Any CPU.ActiveCfg = Debug|Any CPU
		{05D59C88-12B6-0BA7-9FC8-776C6921BAE3}.Debug|Any CPU.Build.0 = Debug|Any CPU
		{05D59C88-12B6-0BA7-9FC8-776C6921BAE3}.Release|Any CPU.ActiveCfg = Release|Any CPU
		{05D59C88-12B6-0BA7-9FC8-776C6921BAE3}.Release|Any CPU.Build.0 = Release|Any CPU
		{94FCC457-7B97-6090-6428-1A6F8F6EDA36}.Debug|Any CPU.ActiveCfg = Debug|Any CPU
		{94FCC457-7B97-6090-6428-1A6F8F6EDA36}.Debug|Any CPU.Build.0 = Debug|Any CPU
		{94FCC457-7B97-6090-6428-1A6F8F6EDA36}.Release|Any CPU.ActiveCfg = Release|Any CPU
		{94FCC457-7B97-6090-6428-1A6F8F6EDA36}.Release|Any CPU.Build.0 = Release|Any CPU
		{A4DF9F06-6077-16F2-D1A4-3F95391777F5}.Debug|Any CPU.ActiveCfg = Debug|Any CPU
		{A4DF9F06-6077-16F2-D1A4-3F95391777F5}.Debug|Any CPU.Build.0 = Debug|Any CPU
		{A4DF9F06-6077-16F2-D1A4-3F95391777F5}.Release|Any CPU.ActiveCfg = Release|Any CPU
		{A4DF9F06-6077-16F2-D1A4-3F95391777F5}.Release|Any CPU.Build.0 = Release|Any CPU
		{1DEC89E5-5E0E-E658-FFAA-EF7CAA410102}.Debug|Any CPU.ActiveCfg = Debug|Any CPU
		{1DEC89E5-5E0E-E658-FFAA-EF7CAA410102}.Debug|Any CPU.Build.0 = Debug|Any CPU
		{1DEC89E5-5E0E-E658-FFAA-EF7CAA410102}.Release|Any CPU.ActiveCfg = Release|Any CPU
		{1DEC89E5-5E0E-E658-FFAA-EF7CAA410102}.Release|Any CPU.Build.0 = Release|Any CPU
		{D47C3ECB-4A4E-6DAD-E91E-2C79D4E8391E}.Debug|Any CPU.ActiveCfg = Debug|Any CPU
		{D47C3ECB-4A4E-6DAD-E91E-2C79D4E8391E}.Debug|Any CPU.Build.0 = Debug|Any CPU
		{D47C3ECB-4A4E-6DAD-E91E-2C79D4E8391E}.Release|Any CPU.ActiveCfg = Release|Any CPU
		{D47C3ECB-4A4E-6DAD-E91E-2C79D4E8391E}.Release|Any CPU.Build.0 = Release|Any CPU
		{61CAF30E-E957-E9A4-9F93-23D6FB19F5A6}.Debug|Any CPU.ActiveCfg = Debug|Any CPU
		{61CAF30E-E957-E9A4-9F93-23D6FB19F5A6}.Debug|Any CPU.Build.0 = Debug|Any CPU
		{61CAF30E-E957-E9A4-9F93-23D6FB19F5A6}.Release|Any CPU.ActiveCfg = Release|Any CPU
		{61CAF30E-E957-E9A4-9F93-23D6FB19F5A6}.Release|Any CPU.Build.0 = Release|Any CPU
		{0D6ECA1A-3D1D-BDC2-CC93-719E7053D8BC}.Debug|Any CPU.ActiveCfg = Debug|Any CPU
		{0D6ECA1A-3D1D-BDC2-CC93-719E7053D8BC}.Debug|Any CPU.Build.0 = Debug|Any CPU
		{0D6ECA1A-3D1D-BDC2-CC93-719E7053D8BC}.Release|Any CPU.ActiveCfg = Release|Any CPU
		{0D6ECA1A-3D1D-BDC2-CC93-719E7053D8BC}.Release|Any CPU.Build.0 = Release|Any CPU
		{2BB33BB8-0B8C-B4F2-8C17-7633685E4C99}.Debug|Any CPU.ActiveCfg = Debug|Any CPU
		{2BB33BB8-0B8C-B4F2-8C17-7633685E4C99}.Debug|Any CPU.Build.0 = Debug|Any CPU
		{2BB33BB8-0B8C-B4F2-8C17-7633685E4C99}.Release|Any CPU.ActiveCfg = Release|Any CPU
		{2BB33BB8-0B8C-B4F2-8C17-7633685E4C99}.Release|Any CPU.Build.0 = Release|Any CPU
		{2EBD5097-11C0-B50B-C172-8B64934F4E5A}.Debug|Any CPU.ActiveCfg = Debug|Any CPU
		{2EBD5097-11C0-B50B-C172-8B64934F4E5A}.Debug|Any CPU.Build.0 = Debug|Any CPU
		{2EBD5097-11C0-B50B-C172-8B64934F4E5A}.Release|Any CPU.ActiveCfg = Release|Any CPU
		{2EBD5097-11C0-B50B-C172-8B64934F4E5A}.Release|Any CPU.Build.0 = Release|Any CPU
		{C3FBA618-A71F-1E9F-E31E-6065903661C2}.Debug|Any CPU.ActiveCfg = Debug|Any CPU
		{C3FBA618-A71F-1E9F-E31E-6065903661C2}.Debug|Any CPU.Build.0 = Debug|Any CPU
		{C3FBA618-A71F-1E9F-E31E-6065903661C2}.Release|Any CPU.ActiveCfg = Release|Any CPU
		{C3FBA618-A71F-1E9F-E31E-6065903661C2}.Release|Any CPU.Build.0 = Release|Any CPU
		{2603739D-9951-CFC0-3BBD-E389557E8D43}.Debug|Any CPU.ActiveCfg = Debug|Any CPU
		{2603739D-9951-CFC0-3BBD-E389557E8D43}.Debug|Any CPU.Build.0 = Debug|Any CPU
		{2603739D-9951-CFC0-3BBD-E389557E8D43}.Release|Any CPU.ActiveCfg = Release|Any CPU
		{2603739D-9951-CFC0-3BBD-E389557E8D43}.Release|Any CPU.Build.0 = Release|Any CPU
		{BC42E64D-1CBA-FEE4-F351-036BF9995C9D}.Debug|Any CPU.ActiveCfg = Debug|Any CPU
		{BC42E64D-1CBA-FEE4-F351-036BF9995C9D}.Debug|Any CPU.Build.0 = Debug|Any CPU
		{BC42E64D-1CBA-FEE4-F351-036BF9995C9D}.Release|Any CPU.ActiveCfg = Release|Any CPU
		{BC42E64D-1CBA-FEE4-F351-036BF9995C9D}.Release|Any CPU.Build.0 = Release|Any CPU
		{771F1CF6-73BA-3AC7-71B2-EA81FFD5CDDC}.Debug|Any CPU.ActiveCfg = Debug|Any CPU
		{771F1CF6-73BA-3AC7-71B2-EA81FFD5CDDC}.Debug|Any CPU.Build.0 = Debug|Any CPU
		{771F1CF6-73BA-3AC7-71B2-EA81FFD5CDDC}.Release|Any CPU.ActiveCfg = Release|Any CPU
		{771F1CF6-73BA-3AC7-71B2-EA81FFD5CDDC}.Release|Any CPU.Build.0 = Release|Any CPU
		{752AD7D6-3160-6282-CE9B-AAF3F3C172FB}.Debug|Any CPU.ActiveCfg = Debug|Any CPU
		{752AD7D6-3160-6282-CE9B-AAF3F3C172FB}.Debug|Any CPU.Build.0 = Debug|Any CPU
		{752AD7D6-3160-6282-CE9B-AAF3F3C172FB}.Release|Any CPU.ActiveCfg = Release|Any CPU
		{752AD7D6-3160-6282-CE9B-AAF3F3C172FB}.Release|Any CPU.Build.0 = Release|Any CPU
		{373833AE-07AC-0BB1-D373-7366D777CEF2}.Debug|Any CPU.ActiveCfg = Debug|Any CPU
		{373833AE-07AC-0BB1-D373-7366D777CEF2}.Debug|Any CPU.Build.0 = Debug|Any CPU
		{373833AE-07AC-0BB1-D373-7366D777CEF2}.Release|Any CPU.ActiveCfg = Release|Any CPU
		{373833AE-07AC-0BB1-D373-7366D777CEF2}.Release|Any CPU.Build.0 = Release|Any CPU
		{FAAAE574-EC03-F100-D2B1-B6C8B43677CE}.Debug|Any CPU.ActiveCfg = Debug|Any CPU
		{FAAAE574-EC03-F100-D2B1-B6C8B43677CE}.Debug|Any CPU.Build.0 = Debug|Any CPU
		{FAAAE574-EC03-F100-D2B1-B6C8B43677CE}.Release|Any CPU.ActiveCfg = Release|Any CPU
		{FAAAE574-EC03-F100-D2B1-B6C8B43677CE}.Release|Any CPU.Build.0 = Release|Any CPU
		{83253375-1875-BA41-A8E8-8F6BFE0260F9}.Debug|Any CPU.ActiveCfg = Debug|Any CPU
		{83253375-1875-BA41-A8E8-8F6BFE0260F9}.Debug|Any CPU.Build.0 = Debug|Any CPU
		{83253375-1875-BA41-A8E8-8F6BFE0260F9}.Release|Any CPU.ActiveCfg = Release|Any CPU
		{83253375-1875-BA41-A8E8-8F6BFE0260F9}.Release|Any CPU.Build.0 = Release|Any CPU
		{2C31FC96-4B42-9BD7-73B4-217B13EDA1E3}.Debug|Any CPU.ActiveCfg = Debug|Any CPU
		{2C31FC96-4B42-9BD7-73B4-217B13EDA1E3}.Debug|Any CPU.Build.0 = Debug|Any CPU
		{2C31FC96-4B42-9BD7-73B4-217B13EDA1E3}.Release|Any CPU.ActiveCfg = Release|Any CPU
		{2C31FC96-4B42-9BD7-73B4-217B13EDA1E3}.Release|Any CPU.Build.0 = Release|Any CPU
		{B7700DB5-B3AF-5AA8-42E8-0FBC5C99F25B}.Debug|Any CPU.ActiveCfg = Debug|Any CPU
		{B7700DB5-B3AF-5AA8-42E8-0FBC5C99F25B}.Debug|Any CPU.Build.0 = Debug|Any CPU
		{B7700DB5-B3AF-5AA8-42E8-0FBC5C99F25B}.Release|Any CPU.ActiveCfg = Release|Any CPU
		{B7700DB5-B3AF-5AA8-42E8-0FBC5C99F25B}.Release|Any CPU.Build.0 = Release|Any CPU
		{40D5414C-9410-C156-02D5-C88C2A9D2DAF}.Debug|Any CPU.ActiveCfg = Debug|Any CPU
		{40D5414C-9410-C156-02D5-C88C2A9D2DAF}.Debug|Any CPU.Build.0 = Debug|Any CPU
		{40D5414C-9410-C156-02D5-C88C2A9D2DAF}.Release|Any CPU.ActiveCfg = Release|Any CPU
		{40D5414C-9410-C156-02D5-C88C2A9D2DAF}.Release|Any CPU.Build.0 = Release|Any CPU
		{AB572904-F817-99DD-2FD2-DEAA8ED5EEDC}.Debug|Any CPU.ActiveCfg = Debug|Any CPU
		{AB572904-F817-99DD-2FD2-DEAA8ED5EEDC}.Debug|Any CPU.Build.0 = Debug|Any CPU
		{AB572904-F817-99DD-2FD2-DEAA8ED5EEDC}.Release|Any CPU.ActiveCfg = Release|Any CPU
		{AB572904-F817-99DD-2FD2-DEAA8ED5EEDC}.Release|Any CPU.Build.0 = Release|Any CPU
		{E7816E0C-E884-236F-E51F-8DB1313D6957}.Debug|Any CPU.ActiveCfg = Debug|Any CPU
		{E7816E0C-E884-236F-E51F-8DB1313D6957}.Debug|Any CPU.Build.0 = Debug|Any CPU
		{E7816E0C-E884-236F-E51F-8DB1313D6957}.Release|Any CPU.ActiveCfg = Release|Any CPU
		{E7816E0C-E884-236F-E51F-8DB1313D6957}.Release|Any CPU.Build.0 = Release|Any CPU
		{341C11F3-53CD-B2F6-1384-BD590C465C2A}.Debug|Any CPU.ActiveCfg = Debug|Any CPU
		{341C11F3-53CD-B2F6-1384-BD590C465C2A}.Debug|Any CPU.Build.0 = Debug|Any CPU
		{341C11F3-53CD-B2F6-1384-BD590C465C2A}.Release|Any CPU.ActiveCfg = Release|Any CPU
		{341C11F3-53CD-B2F6-1384-BD590C465C2A}.Release|Any CPU.Build.0 = Release|Any CPU
		{28DAD035-DC2E-159A-E43E-8D159A41C847}.Debug|Any CPU.ActiveCfg = Debug|Any CPU
		{28DAD035-DC2E-159A-E43E-8D159A41C847}.Debug|Any CPU.Build.0 = Debug|Any CPU
		{28DAD035-DC2E-159A-E43E-8D159A41C847}.Release|Any CPU.ActiveCfg = Release|Any CPU
		{28DAD035-DC2E-159A-E43E-8D159A41C847}.Release|Any CPU.Build.0 = Release|Any CPU
		{CDDB0A6D-BEFA-2C6C-AF8C-5ADC2F7B3A51}.Debug|Any CPU.ActiveCfg = Debug|Any CPU
		{CDDB0A6D-BEFA-2C6C-AF8C-5ADC2F7B3A51}.Debug|Any CPU.Build.0 = Debug|Any CPU
		{CDDB0A6D-BEFA-2C6C-AF8C-5ADC2F7B3A51}.Release|Any CPU.ActiveCfg = Release|Any CPU
		{CDDB0A6D-BEFA-2C6C-AF8C-5ADC2F7B3A51}.Release|Any CPU.Build.0 = Release|Any CPU
		{AA64DA56-D346-D8F8-B1FF-032A63E7A395}.Debug|Any CPU.ActiveCfg = Debug|Any CPU
		{AA64DA56-D346-D8F8-B1FF-032A63E7A395}.Debug|Any CPU.Build.0 = Debug|Any CPU
		{AA64DA56-D346-D8F8-B1FF-032A63E7A395}.Release|Any CPU.ActiveCfg = Release|Any CPU
		{AA64DA56-D346-D8F8-B1FF-032A63E7A395}.Release|Any CPU.Build.0 = Release|Any CPU
		{AAEC2D54-ABA6-CB21-F0D2-C8D686F8D202}.Debug|Any CPU.ActiveCfg = Debug|Any CPU
		{AAEC2D54-ABA6-CB21-F0D2-C8D686F8D202}.Debug|Any CPU.Build.0 = Debug|Any CPU
		{AAEC2D54-ABA6-CB21-F0D2-C8D686F8D202}.Release|Any CPU.ActiveCfg = Release|Any CPU
		{AAEC2D54-ABA6-CB21-F0D2-C8D686F8D202}.Release|Any CPU.Build.0 = Release|Any CPU
		{65A44A5A-6642-E8A8-FDC8-51965B9B3E45}.Debug|Any CPU.ActiveCfg = Debug|Any CPU
		{65A44A5A-6642-E8A8-FDC8-51965B9B3E45}.Debug|Any CPU.Build.0 = Debug|Any CPU
		{65A44A5A-6642-E8A8-FDC8-51965B9B3E45}.Release|Any CPU.ActiveCfg = Release|Any CPU
		{65A44A5A-6642-E8A8-FDC8-51965B9B3E45}.Release|Any CPU.Build.0 = Release|Any CPU
		{06D0DF42-C9D1-0F8F-709D-D5A94C90355E}.Debug|Any CPU.ActiveCfg = Debug|Any CPU
		{06D0DF42-C9D1-0F8F-709D-D5A94C90355E}.Debug|Any CPU.Build.0 = Debug|Any CPU
		{06D0DF42-C9D1-0F8F-709D-D5A94C90355E}.Release|Any CPU.ActiveCfg = Release|Any CPU
		{06D0DF42-C9D1-0F8F-709D-D5A94C90355E}.Release|Any CPU.Build.0 = Release|Any CPU
		{4E00AA1F-3A48-F8CA-44D2-EC56BD6915A6}.Debug|Any CPU.ActiveCfg = Debug|Any CPU
		{4E00AA1F-3A48-F8CA-44D2-EC56BD6915A6}.Debug|Any CPU.Build.0 = Debug|Any CPU
		{4E00AA1F-3A48-F8CA-44D2-EC56BD6915A6}.Release|Any CPU.ActiveCfg = Release|Any CPU
		{4E00AA1F-3A48-F8CA-44D2-EC56BD6915A6}.Release|Any CPU.Build.0 = Release|Any CPU
		{AD591BEC-A618-F743-35C9-4C9693D2F7D2}.Debug|Any CPU.ActiveCfg = Debug|Any CPU
		{AD591BEC-A618-F743-35C9-4C9693D2F7D2}.Debug|Any CPU.Build.0 = Debug|Any CPU
		{AD591BEC-A618-F743-35C9-4C9693D2F7D2}.Release|Any CPU.ActiveCfg = Release|Any CPU
		{AD591BEC-A618-F743-35C9-4C9693D2F7D2}.Release|Any CPU.Build.0 = Release|Any CPU
		{4D913EDF-570C-D5D3-363F-BBA2207E3549}.Debug|Any CPU.ActiveCfg = Debug|Any CPU
		{4D913EDF-570C-D5D3-363F-BBA2207E3549}.Debug|Any CPU.Build.0 = Debug|Any CPU
		{4D913EDF-570C-D5D3-363F-BBA2207E3549}.Release|Any CPU.ActiveCfg = Release|Any CPU
		{4D913EDF-570C-D5D3-363F-BBA2207E3549}.Release|Any CPU.Build.0 = Release|Any CPU
		{9F536B60-6D74-14FF-0581-0B9CCAAFF8F9}.Debug|Any CPU.ActiveCfg = Debug|Any CPU
		{9F536B60-6D74-14FF-0581-0B9CCAAFF8F9}.Debug|Any CPU.Build.0 = Debug|Any CPU
		{9F536B60-6D74-14FF-0581-0B9CCAAFF8F9}.Release|Any CPU.ActiveCfg = Release|Any CPU
		{9F536B60-6D74-14FF-0581-0B9CCAAFF8F9}.Release|Any CPU.Build.0 = Release|Any CPU
		{FF520B37-4B5E-1295-6E48-998578CA5119}.Debug|Any CPU.ActiveCfg = Debug|Any CPU
		{FF520B37-4B5E-1295-6E48-998578CA5119}.Debug|Any CPU.Build.0 = Debug|Any CPU
		{FF520B37-4B5E-1295-6E48-998578CA5119}.Release|Any CPU.ActiveCfg = Release|Any CPU
		{FF520B37-4B5E-1295-6E48-998578CA5119}.Release|Any CPU.Build.0 = Release|Any CPU
		{4E08D3AF-1778-20B7-FAFB-AC52C8A203CE}.Debug|Any CPU.ActiveCfg = Debug|Any CPU
		{4E08D3AF-1778-20B7-FAFB-AC52C8A203CE}.Debug|Any CPU.Build.0 = Debug|Any CPU
		{4E08D3AF-1778-20B7-FAFB-AC52C8A203CE}.Release|Any CPU.ActiveCfg = Release|Any CPU
		{4E08D3AF-1778-20B7-FAFB-AC52C8A203CE}.Release|Any CPU.Build.0 = Release|Any CPU
		{DF506716-EB78-D24F-A8AE-A9F1111C1B7E}.Debug|Any CPU.ActiveCfg = Debug|Any CPU
		{DF506716-EB78-D24F-A8AE-A9F1111C1B7E}.Debug|Any CPU.Build.0 = Debug|Any CPU
		{DF506716-EB78-D24F-A8AE-A9F1111C1B7E}.Release|Any CPU.ActiveCfg = Release|Any CPU
		{DF506716-EB78-D24F-A8AE-A9F1111C1B7E}.Release|Any CPU.Build.0 = Release|Any CPU
		{C353428E-5D7A-95A6-F0DF-DBFA3E6C85DA}.Debug|Any CPU.ActiveCfg = Debug|Any CPU
		{C353428E-5D7A-95A6-F0DF-DBFA3E6C85DA}.Debug|Any CPU.Build.0 = Debug|Any CPU
		{C353428E-5D7A-95A6-F0DF-DBFA3E6C85DA}.Release|Any CPU.ActiveCfg = Release|Any CPU
		{C353428E-5D7A-95A6-F0DF-DBFA3E6C85DA}.Release|Any CPU.Build.0 = Release|Any CPU
		{A8F571A1-FF70-8557-BE5E-D9E7A11560F9}.Debug|Any CPU.ActiveCfg = Debug|Any CPU
		{A8F571A1-FF70-8557-BE5E-D9E7A11560F9}.Debug|Any CPU.Build.0 = Debug|Any CPU
		{A8F571A1-FF70-8557-BE5E-D9E7A11560F9}.Release|Any CPU.ActiveCfg = Release|Any CPU
		{A8F571A1-FF70-8557-BE5E-D9E7A11560F9}.Release|Any CPU.Build.0 = Release|Any CPU
		{41E34F85-1251-0E8A-F10E-4975F4CCBA71}.Debug|Any CPU.ActiveCfg = Debug|Any CPU
		{41E34F85-1251-0E8A-F10E-4975F4CCBA71}.Debug|Any CPU.Build.0 = Debug|Any CPU
		{41E34F85-1251-0E8A-F10E-4975F4CCBA71}.Release|Any CPU.ActiveCfg = Release|Any CPU
		{41E34F85-1251-0E8A-F10E-4975F4CCBA71}.Release|Any CPU.Build.0 = Release|Any CPU
		{7C3F58C1-E771-7093-50B3-11853A1422CC}.Debug|Any CPU.ActiveCfg = Debug|Any CPU
		{7C3F58C1-E771-7093-50B3-11853A1422CC}.Debug|Any CPU.Build.0 = Debug|Any CPU
		{7C3F58C1-E771-7093-50B3-11853A1422CC}.Release|Any CPU.ActiveCfg = Release|Any CPU
		{7C3F58C1-E771-7093-50B3-11853A1422CC}.Release|Any CPU.Build.0 = Release|Any CPU
		{40D651FF-A7F1-2C6D-252B-6A64F7DD5520}.Debug|Any CPU.ActiveCfg = Debug|Any CPU
		{40D651FF-A7F1-2C6D-252B-6A64F7DD5520}.Debug|Any CPU.Build.0 = Debug|Any CPU
		{40D651FF-A7F1-2C6D-252B-6A64F7DD5520}.Release|Any CPU.ActiveCfg = Release|Any CPU
		{40D651FF-A7F1-2C6D-252B-6A64F7DD5520}.Release|Any CPU.Build.0 = Release|Any CPU
		{69A03087-5E2D-4F5F-6CE8-1FFB381B7F41}.Debug|Any CPU.ActiveCfg = Debug|Any CPU
		{69A03087-5E2D-4F5F-6CE8-1FFB381B7F41}.Debug|Any CPU.Build.0 = Debug|Any CPU
		{69A03087-5E2D-4F5F-6CE8-1FFB381B7F41}.Release|Any CPU.ActiveCfg = Release|Any CPU
		{69A03087-5E2D-4F5F-6CE8-1FFB381B7F41}.Release|Any CPU.Build.0 = Release|Any CPU
		{67942D50-3C10-018A-0FB1-141282E16B99}.Debug|Any CPU.ActiveCfg = Debug|Any CPU
		{67942D50-3C10-018A-0FB1-141282E16B99}.Debug|Any CPU.Build.0 = Debug|Any CPU
		{67942D50-3C10-018A-0FB1-141282E16B99}.Release|Any CPU.ActiveCfg = Release|Any CPU
		{67942D50-3C10-018A-0FB1-141282E16B99}.Release|Any CPU.Build.0 = Release|Any CPU
		{756069F8-2D4C-4F95-57CB-C75D00CE0E25}.Debug|Any CPU.ActiveCfg = Debug|Any CPU
		{756069F8-2D4C-4F95-57CB-C75D00CE0E25}.Debug|Any CPU.Build.0 = Debug|Any CPU
		{756069F8-2D4C-4F95-57CB-C75D00CE0E25}.Release|Any CPU.ActiveCfg = Release|Any CPU
		{756069F8-2D4C-4F95-57CB-C75D00CE0E25}.Release|Any CPU.Build.0 = Release|Any CPU
		{26DE15F1-7507-D118-B16A-AA288876A1AD}.Debug|Any CPU.ActiveCfg = Debug|Any CPU
		{26DE15F1-7507-D118-B16A-AA288876A1AD}.Debug|Any CPU.Build.0 = Debug|Any CPU
		{26DE15F1-7507-D118-B16A-AA288876A1AD}.Release|Any CPU.ActiveCfg = Release|Any CPU
		{26DE15F1-7507-D118-B16A-AA288876A1AD}.Release|Any CPU.Build.0 = Release|Any CPU
		{47FCE620-4CD2-D8B7-B249-CA290B028D2F}.Debug|Any CPU.ActiveCfg = Debug|Any CPU
		{47FCE620-4CD2-D8B7-B249-CA290B028D2F}.Debug|Any CPU.Build.0 = Debug|Any CPU
		{47FCE620-4CD2-D8B7-B249-CA290B028D2F}.Release|Any CPU.ActiveCfg = Release|Any CPU
		{47FCE620-4CD2-D8B7-B249-CA290B028D2F}.Release|Any CPU.Build.0 = Release|Any CPU
		{35FADE35-E0A1-84A5-0BF9-10C00CCDB0C8}.Debug|Any CPU.ActiveCfg = Debug|Any CPU
		{35FADE35-E0A1-84A5-0BF9-10C00CCDB0C8}.Debug|Any CPU.Build.0 = Debug|Any CPU
		{35FADE35-E0A1-84A5-0BF9-10C00CCDB0C8}.Release|Any CPU.ActiveCfg = Release|Any CPU
		{35FADE35-E0A1-84A5-0BF9-10C00CCDB0C8}.Release|Any CPU.Build.0 = Release|Any CPU
		{CFB65251-6334-F8EF-6A7B-9EAACFDA8453}.Debug|Any CPU.ActiveCfg = Debug|Any CPU
		{CFB65251-6334-F8EF-6A7B-9EAACFDA8453}.Debug|Any CPU.Build.0 = Debug|Any CPU
		{CFB65251-6334-F8EF-6A7B-9EAACFDA8453}.Release|Any CPU.ActiveCfg = Release|Any CPU
		{CFB65251-6334-F8EF-6A7B-9EAACFDA8453}.Release|Any CPU.Build.0 = Release|Any CPU
		{C2E33792-B16F-6A3E-C39A-6D7DA4C1D751}.Debug|Any CPU.ActiveCfg = Debug|Any CPU
		{C2E33792-B16F-6A3E-C39A-6D7DA4C1D751}.Debug|Any CPU.Build.0 = Debug|Any CPU
		{C2E33792-B16F-6A3E-C39A-6D7DA4C1D751}.Release|Any CPU.ActiveCfg = Release|Any CPU
		{C2E33792-B16F-6A3E-C39A-6D7DA4C1D751}.Release|Any CPU.Build.0 = Release|Any CPU
		{E0CDD478-4724-6977-8253-932E3E69402D}.Debug|Any CPU.ActiveCfg = Debug|Any CPU
		{E0CDD478-4724-6977-8253-932E3E69402D}.Debug|Any CPU.Build.0 = Debug|Any CPU
		{E0CDD478-4724-6977-8253-932E3E69402D}.Release|Any CPU.ActiveCfg = Release|Any CPU
		{E0CDD478-4724-6977-8253-932E3E69402D}.Release|Any CPU.Build.0 = Release|Any CPU
		{E7FF05F1-1B4F-E67B-44DE-829C14518AEC}.Debug|Any CPU.ActiveCfg = Debug|Any CPU
		{E7FF05F1-1B4F-E67B-44DE-829C14518AEC}.Debug|Any CPU.Build.0 = Debug|Any CPU
		{E7FF05F1-1B4F-E67B-44DE-829C14518AEC}.Release|Any CPU.ActiveCfg = Release|Any CPU
		{E7FF05F1-1B4F-E67B-44DE-829C14518AEC}.Release|Any CPU.Build.0 = Release|Any CPU
	EndGlobalSection
	GlobalSection(SolutionProperties) = preSolution
		HideSolutionNode = FALSE
	EndGlobalSection
EndGlobal
